
Microsoft Visual Studio Solution File, Format Version 12.00
# Visual Studio Version 17
VisualStudioVersion = 17.8.34322.80
MinimumVisualStudioVersion = 10.0.40219.1
Project("{2150E333-8FDC-42A3-9474-1A3956D46DE8}") = "CleanArchitecture", "CleanArchitecture", "{5ACA6214-693B-433C-9111-D5E19BFD00AA}"
EndProject
Project("{2150E333-8FDC-42A3-9474-1A3956D46DE8}") = "Src", "Src", "{DB6E8203-CF9F-4572-9C8C-B09F1FCFEABE}"
EndProject
Project("{2150E333-8FDC-42A3-9474-1A3956D46DE8}") = "Test", "Test", "{CD0328C2-3601-45FA-91F6-F28C4B237482}"
EndProject
Project("{2150E333-8FDC-42A3-9474-1A3956D46DE8}") = "API", "API", "{F374C18E-D5CB-4587-ABD6-73A72C3956C5}"
EndProject
Project("{2150E333-8FDC-42A3-9474-1A3956D46DE8}") = "Core", "Core", "{06B7722E-00C0-4DC3-B930-36C9456EFFE5}"
EndProject
Project("{2150E333-8FDC-42A3-9474-1A3956D46DE8}") = "Infrastructure", "Infrastructure", "{16B8E36B-F7DC-4C56-9883-33A138AF30B3}"
EndProject
Project("{FAE04EC0-301F-11D3-BF4B-00C04F79EFBC}") = "App.API", "App.API\App.API.csproj", "{E13C8F1F-B88F-4725-9C91-162FAC2D8565}"
EndProject
Project("{FAE04EC0-301F-11D3-BF4B-00C04F79EFBC}") = "App.Application", "App.Application\App.Application.csproj", "{99794747-5FF1-43EF-BFCA-CBF2458C6F51}"
EndProject
Project("{FAE04EC0-301F-11D3-BF4B-00C04F79EFBC}") = "App.Domain", "App.Domain\App.Domain.csproj", "{95C288B4-69AE-4ED0-A7AD-A26CA7121052}"
EndProject
Project("{FAE04EC0-301F-11D3-BF4B-00C04F79EFBC}") = "App.Persistence", "App.Persistence\App.Persistence.csproj", "{544FC124-2599-4FEC-AA8A-AE6D9F09FBFA}"
EndProject
Global
	GlobalSection(SolutionConfigurationPlatforms) = preSolution
		Debug|Any CPU = Debug|Any CPU
		Release|Any CPU = Release|Any CPU
	EndGlobalSection
	GlobalSection(ProjectConfigurationPlatforms) = postSolution
		{E13C8F1F-B88F-4725-9C91-162FAC2D8565}.Debug|Any CPU.ActiveCfg = Debug|Any CPU
		{E13C8F1F-B88F-4725-9C91-162FAC2D8565}.Debug|Any CPU.Build.0 = Debug|Any CPU
		{E13C8F1F-B88F-4725-9C91-162FAC2D8565}.Release|Any CPU.ActiveCfg = Release|Any CPU
		{E13C8F1F-B88F-4725-9C91-162FAC2D8565}.Release|Any CPU.Build.0 = Release|Any CPU
		{99794747-5FF1-43EF-BFCA-CBF2458C6F51}.Debug|Any CPU.ActiveCfg = Debug|Any CPU
		{99794747-5FF1-43EF-BFCA-CBF2458C6F51}.Debug|Any CPU.Build.0 = Debug|Any CPU
		{99794747-5FF1-43EF-BFCA-CBF2458C6F51}.Release|Any CPU.ActiveCfg = Release|Any CPU
		{99794747-5FF1-43EF-BFCA-CBF2458C6F51}.Release|Any CPU.Build.0 = Release|Any CPU
		{95C288B4-69AE-4ED0-A7AD-A26CA7121052}.Debug|Any CPU.ActiveCfg = Debug|Any CPU
		{95C288B4-69AE-4ED0-A7AD-A26CA7121052}.Debug|Any CPU.Build.0 = Debug|Any CPU
		{95C288B4-69AE-4ED0-A7AD-A26CA7121052}.Release|Any CPU.ActiveCfg = Release|Any CPU
		{95C288B4-69AE-4ED0-A7AD-A26CA7121052}.Release|Any CPU.Build.0 = Release|Any CPU
		{544FC124-2599-4FEC-AA8A-AE6D9F09FBFA}.Debug|Any CPU.ActiveCfg = Debug|Any CPU
		{544FC124-2599-4FEC-AA8A-AE6D9F09FBFA}.Debug|Any CPU.Build.0 = Debug|Any CPU
		{544FC124-2599-4FEC-AA8A-AE6D9F09FBFA}.Release|Any CPU.ActiveCfg = Release|Any CPU
		{544FC124-2599-4FEC-AA8A-AE6D9F09FBFA}.Release|Any CPU.Build.0 = Release|Any CPU
	EndGlobalSection
	GlobalSection(SolutionProperties) = preSolution
		HideSolutionNode = FALSE
	EndGlobalSection
	GlobalSection(NestedProjects) = preSolution
		{DB6E8203-CF9F-4572-9C8C-B09F1FCFEABE} = {5ACA6214-693B-433C-9111-D5E19BFD00AA}
		{CD0328C2-3601-45FA-91F6-F28C4B237482} = {5ACA6214-693B-433C-9111-D5E19BFD00AA}
		{F374C18E-D5CB-4587-ABD6-73A72C3956C5} = {DB6E8203-CF9F-4572-9C8C-B09F1FCFEABE}
		{06B7722E-00C0-4DC3-B930-36C9456EFFE5} = {DB6E8203-CF9F-4572-9C8C-B09F1FCFEABE}
		{16B8E36B-F7DC-4C56-9883-33A138AF30B3} = {DB6E8203-CF9F-4572-9C8C-B09F1FCFEABE}
		{E13C8F1F-B88F-4725-9C91-162FAC2D8565} = {F374C18E-D5CB-4587-ABD6-73A72C3956C5}
		{99794747-5FF1-43EF-BFCA-CBF2458C6F51} = {06B7722E-00C0-4DC3-B930-36C9456EFFE5}
		{95C288B4-69AE-4ED0-A7AD-A26CA7121052} = {06B7722E-00C0-4DC3-B930-36C9456EFFE5}
		{544FC124-2599-4FEC-AA8A-AE6D9F09FBFA} = {16B8E36B-F7DC-4C56-9883-33A138AF30B3}
	EndGlobalSection
	GlobalSection(ExtensibilityGlobals) = postSolution
		SolutionGuid = {182434BE-717C-41ED-A643-6590967C68D5}
	EndGlobalSection
EndGlobal
